%{
  "redix": {:hex, :redix, "0.11.1", "cc3c8c938f9fcc98f31162d088131ffbebbe68e5b21c8a3dd4967f8812f8a97a", [:mix], [{:castore, "~> 0.1.0", [hex: :castore, repo: "hexpm", optional: true]}, {:telemetry, "~> 0.4.0", [hex: :telemetry, repo: "hexpm", optional: false]}], "hexpm", "9593ab0f6f39efbfb2d49634ee215297723ff614bba89fdfa7414f3cbb74a17e"},
  "telemetry": {:hex, :telemetry, "0.4.1", "ae2718484892448a24470e6aa341bc847c3277bfb8d4e9289f7474d752c09c7f", [:rebar3], [], "hexpm", "4738382e36a0a9a2b6e25d67c960e40e1a2c95560b9f936d8e29de8cd858480f"},
}
